
Microsoft Visual Studio Solution File, Format Version 11.00
# Visual Studio 2010
Project("{FAE04EC0-301F-11D3-BF4B-00C04F79EFBC}") = "Assembly-CSharp-firstpass", "Assembly-CSharp-firstpass.csproj", "{8a609f5a-71f0-c56b-6878-5eed689ccf94}"
EndProject
Project("{FAE04EC0-301F-11D3-BF4B-00C04F79EFBC}") = "Assembly-CSharp", "Assembly-CSharp.csproj", "{7311893c-ca26-647b-3448-1339ade46336}"
EndProject
Project("{FAE04EC0-301F-11D3-BF4B-00C04F79EFBC}") = "Assembly-CSharp-Editor", "Assembly-CSharp-Editor.csproj", "{9851dcfe-1fd6-6d97-ae74-8d61a83bc6e0}"
EndProject
Global
	GlobalSection(SolutionConfigurationPlatforms) = preSolution
		Debug|Any CPU = Debug|Any CPU
		Release|Any CPU = Release|Any CPU
	EndGlobalSection
	GlobalSection(ProjectConfigurationPlatforms) = postSolution
		{8a609f5a-71f0-c56b-6878-5eed689ccf94}.Debug|Any CPU.ActiveCfg = Debug|Any CPU
		{8a609f5a-71f0-c56b-6878-5eed689ccf94}.Debug|Any CPU.Build.0 = Debug|Any CPU
		{8a609f5a-71f0-c56b-6878-5eed689ccf94}.Release|Any CPU.ActiveCfg = Release|Any CPU
		{8a609f5a-71f0-c56b-6878-5eed689ccf94}.Release|Any CPU.Build.0 = Release|Any CPU
		{7311893c-ca26-647b-3448-1339ade46336}.Debug|Any CPU.ActiveCfg = Debug|Any CPU
		{7311893c-ca26-647b-3448-1339ade46336}.Debug|Any CPU.Build.0 = Debug|Any CPU
		{7311893c-ca26-647b-3448-1339ade46336}.Release|Any CPU.ActiveCfg = Release|Any CPU
		{7311893c-ca26-647b-3448-1339ade46336}.Release|Any CPU.Build.0 = Release|Any CPU
		{9851dcfe-1fd6-6d97-ae74-8d61a83bc6e0}.Debug|Any CPU.ActiveCfg = Debug|Any CPU
		{9851dcfe-1fd6-6d97-ae74-8d61a83bc6e0}.Debug|Any CPU.Build.0 = Debug|Any CPU
		{9851dcfe-1fd6-6d97-ae74-8d61a83bc6e0}.Release|Any CPU.ActiveCfg = Release|Any CPU
		{9851dcfe-1fd6-6d97-ae74-8d61a83bc6e0}.Release|Any CPU.Build.0 = Release|Any CPU
	EndGlobalSection
	GlobalSection(SolutionProperties) = preSolution
		HideSolutionNode = FALSE
	EndGlobalSection
EndGlobal
